// !$*UTF8*$!
{
	archiveVersion = 1;
	classes = {
	};
	objectVersion = 50;
	objects = {

/* Begin PBXBuildFile section */
		63179B4C265EE29A00596DB7 /* AppDelegate.swift in Sources */ = {isa = PBXBuildFile; fileRef = 63179B4B265EE29A00596DB7 /* AppDelegate.swift */; };
		63179B4E265EE29A00596DB7 /* SceneDelegate.swift in Sources */ = {isa = PBXBuildFile; fileRef = 63179B4D265EE29A00596DB7 /* SceneDelegate.swift */; };
		63179B50265EE29A00596DB7 /* MainViewController.swift in Sources */ = {isa = PBXBuildFile; fileRef = 63179B4F265EE29A00596DB7 /* MainViewController.swift */; };
		63179B53265EE29A00596DB7 /* Main.storyboard in Resources */ = {isa = PBXBuildFile; fileRef = 63179B51265EE29A00596DB7 /* Main.storyboard */; };
		63179B55265EE29B00596DB7 /* Assets.xcassets in Resources */ = {isa = PBXBuildFile; fileRef = 63179B54265EE29B00596DB7 /* Assets.xcassets */; };
		63179B58265EE29B00596DB7 /* LaunchScreen.storyboard in Resources */ = {isa = PBXBuildFile; fileRef = 63179B56265EE29B00596DB7 /* LaunchScreen.storyboard */; };
		63B9D6E72664375B00CE59EA /* MainTableViewCell.xib in Resources */ = {isa = PBXBuildFile; fileRef = 63B9D6E62664375B00CE59EA /* MainTableViewCell.xib */; };
		63B9D6EA2664377700CE59EA /* MainTableViewCell.swift in Sources */ = {isa = PBXBuildFile; fileRef = 63B9D6E92664377700CE59EA /* MainTableViewCell.swift */; };
		63B9D6EE2664EB4800CE59EA /* NetworkManager.swift in Sources */ = {isa = PBXBuildFile; fileRef = 63B9D6ED2664EB4800CE59EA /* NetworkManager.swift */; };
		63B9D6F5266545CE00CE59EA /* WeatherInfo.swift in Sources */ = {isa = PBXBuildFile; fileRef = 63B9D6F4266545CE00CE59EA /* WeatherInfo.swift */; };
		63B9D6F826661B7800CE59EA /* Localization.swift in Sources */ = {isa = PBXBuildFile; fileRef = 63B9D6F726661B7800CE59EA /* Localization.swift */; };
		63B9D70326661E1400CE59EA /* Localizable.strings in Resources */ = {isa = PBXBuildFile; fileRef = 63B9D70526661E1400CE59EA /* Localizable.strings */; };
		63B9D70D2666258500CE59EA /* UIViewController+Utils.swift in Sources */ = {isa = PBXBuildFile; fileRef = 63B9D70C2666258500CE59EA /* UIViewController+Utils.swift */; };
		63B9D7132666C39E00CE59EA /* Converter.swift in Sources */ = {isa = PBXBuildFile; fileRef = 63B9D7122666C39E00CE59EA /* Converter.swift */; };
		63B9D7172666E45500CE59EA /* DailyTableViewCell.swift in Sources */ = {isa = PBXBuildFile; fileRef = 63B9D7152666E45500CE59EA /* DailyTableViewCell.swift */; };
		63B9D7182666E45500CE59EA /* DailyTableViewCell.xib in Resources */ = {isa = PBXBuildFile; fileRef = 63B9D7162666E45500CE59EA /* DailyTableViewCell.xib */; };
		63B9D722266C0AEA00CE59EA /* HourlyCollectionViewCell.swift in Sources */ = {isa = PBXBuildFile; fileRef = 63B9D720266C0AEA00CE59EA /* HourlyCollectionViewCell.swift */; };
		63B9D723266C0AEA00CE59EA /* HourlyCollectionViewCell.xib in Resources */ = {isa = PBXBuildFile; fileRef = 63B9D721266C0AEA00CE59EA /* HourlyCollectionViewCell.xib */; };
		63B9D727266D19F400CE59EA /* DispatchAsync.swift in Sources */ = {isa = PBXBuildFile; fileRef = 63B9D726266D19F400CE59EA /* DispatchAsync.swift */; };
/* End PBXBuildFile section */

/* Begin PBXFileReference section */
		63179B48265EE29A00596DB7 /* RESTestTasks.app */ = {isa = PBXFileReference; explicitFileType = wrapper.application; includeInIndex = 0; path = RESTestTasks.app; sourceTree = BUILT_PRODUCTS_DIR; };
		63179B4B265EE29A00596DB7 /* AppDelegate.swift */ = {isa = PBXFileReference; lastKnownFileType = sourcecode.swift; path = AppDelegate.swift; sourceTree = "<group>"; };
		63179B4D265EE29A00596DB7 /* SceneDelegate.swift */ = {isa = PBXFileReference; lastKnownFileType = sourcecode.swift; path = SceneDelegate.swift; sourceTree = "<group>"; };
		63179B4F265EE29A00596DB7 /* MainViewController.swift */ = {isa = PBXFileReference; lastKnownFileType = sourcecode.swift; path = MainViewController.swift; sourceTree = "<group>"; };
		63179B52265EE29A00596DB7 /* Base */ = {isa = PBXFileReference; lastKnownFileType = file.storyboard; name = Base; path = Base.lproj/Main.storyboard; sourceTree = "<group>"; };
		63179B54265EE29B00596DB7 /* Assets.xcassets */ = {isa = PBXFileReference; lastKnownFileType = folder.assetcatalog; path = Assets.xcassets; sourceTree = "<group>"; };
		63179B57265EE29B00596DB7 /* Base */ = {isa = PBXFileReference; lastKnownFileType = file.storyboard; name = Base; path = Base.lproj/LaunchScreen.storyboard; sourceTree = "<group>"; };
		63179B59265EE29B00596DB7 /* Info.plist */ = {isa = PBXFileReference; lastKnownFileType = text.plist.xml; path = Info.plist; sourceTree = "<group>"; };
		63B9D6E62664375B00CE59EA /* MainTableViewCell.xib */ = {isa = PBXFileReference; lastKnownFileType = file.xib; path = MainTableViewCell.xib; sourceTree = "<group>"; };
		63B9D6E92664377700CE59EA /* MainTableViewCell.swift */ = {isa = PBXFileReference; lastKnownFileType = sourcecode.swift; path = MainTableViewCell.swift; sourceTree = "<group>"; };
		63B9D6ED2664EB4800CE59EA /* NetworkManager.swift */ = {isa = PBXFileReference; lastKnownFileType = sourcecode.swift; path = NetworkManager.swift; sourceTree = "<group>"; };
		63B9D6F4266545CE00CE59EA /* WeatherInfo.swift */ = {isa = PBXFileReference; lastKnownFileType = sourcecode.swift; path = WeatherInfo.swift; sourceTree = "<group>"; };
		63B9D6F726661B7800CE59EA /* Localization.swift */ = {isa = PBXFileReference; lastKnownFileType = sourcecode.swift; path = Localization.swift; sourceTree = "<group>"; };
		63B9D6FB26661DA800CE59EA /* ru */ = {isa = PBXFileReference; lastKnownFileType = text.plist.strings; name = ru; path = ru.lproj/Main.strings; sourceTree = "<group>"; };
		63B9D6FC26661DA800CE59EA /* ru */ = {isa = PBXFileReference; lastKnownFileType = text.plist.strings; name = ru; path = ru.lproj/LaunchScreen.strings; sourceTree = "<group>"; };
		63B9D70426661E1400CE59EA /* en */ = {isa = PBXFileReference; lastKnownFileType = text.plist.strings; name = en; path = en.lproj/Localizable.strings; sourceTree = "<group>"; };
		63B9D70726661E1600CE59EA /* ru */ = {isa = PBXFileReference; lastKnownFileType = text.plist.strings; name = ru; path = ru.lproj/Localizable.strings; sourceTree = "<group>"; };
		63B9D70C2666258500CE59EA /* UIViewController+Utils.swift */ = {isa = PBXFileReference; lastKnownFileType = sourcecode.swift; path = "UIViewController+Utils.swift"; sourceTree = "<group>"; };
		63B9D7122666C39E00CE59EA /* Converter.swift */ = {isa = PBXFileReference; lastKnownFileType = sourcecode.swift; path = Converter.swift; sourceTree = "<group>"; };
		63B9D7152666E45500CE59EA /* DailyTableViewCell.swift */ = {isa = PBXFileReference; lastKnownFileType = sourcecode.swift; path = DailyTableViewCell.swift; sourceTree = "<group>"; };
		63B9D7162666E45500CE59EA /* DailyTableViewCell.xib */ = {isa = PBXFileReference; lastKnownFileType = file.xib; path = DailyTableViewCell.xib; sourceTree = "<group>"; };
		63B9D720266C0AEA00CE59EA /* HourlyCollectionViewCell.swift */ = {isa = PBXFileReference; lastKnownFileType = sourcecode.swift; path = HourlyCollectionViewCell.swift; sourceTree = "<group>"; };
		63B9D721266C0AEA00CE59EA /* HourlyCollectionViewCell.xib */ = {isa = PBXFileReference; lastKnownFileType = file.xib; path = HourlyCollectionViewCell.xib; sourceTree = "<group>"; };
		63B9D726266D19F400CE59EA /* DispatchAsync.swift */ = {isa = PBXFileReference; lastKnownFileType = sourcecode.swift; path = DispatchAsync.swift; sourceTree = "<group>"; };
/* End PBXFileReference section */

/* Begin PBXFrameworksBuildPhase section */
		63179B45265EE29A00596DB7 /* Frameworks */ = {
			isa = PBXFrameworksBuildPhase;
			buildActionMask = 2147483647;
			files = (
			);
			runOnlyForDeploymentPostprocessing = 0;
		};
/* End PBXFrameworksBuildPhase section */

/* Begin PBXGroup section */
		63179B3F265EE29A00596DB7 = {
			isa = PBXGroup;
			children = (
				63179B4A265EE29A00596DB7 /* RESTestTasks */,
				63179B49265EE29A00596DB7 /* Products */,
			);
			sourceTree = "<group>";
		};
		63179B49265EE29A00596DB7 /* Products */ = {
			isa = PBXGroup;
			children = (
				63179B48265EE29A00596DB7 /* RESTestTasks.app */,
			);
			name = Products;
			sourceTree = "<group>";
		};
		63179B4A265EE29A00596DB7 /* RESTestTasks */ = {
			isa = PBXGroup;
			children = (
				63179B61265EE48500596DB7 /* Model */,
				63179B62265EE49200596DB7 /* UI */,
				63B9D70926661F1300CE59EA /* Networking */,
				63179B63265EE49B00596DB7 /* Utils */,
				63179B4B265EE29A00596DB7 /* AppDelegate.swift */,
				63179B4D265EE29A00596DB7 /* SceneDelegate.swift */,
				63179B51265EE29A00596DB7 /* Main.storyboard */,
				63179B54265EE29B00596DB7 /* Assets.xcassets */,
				63179B56265EE29B00596DB7 /* LaunchScreen.storyboard */,
				63179B59265EE29B00596DB7 /* Info.plist */,
			);
			path = RESTestTasks;
			sourceTree = "<group>";
		};
		63179B61265EE48500596DB7 /* Model */ = {
			isa = PBXGroup;
			children = (
				63B9D6F4266545CE00CE59EA /* WeatherInfo.swift */,
			);
			path = Model;
			sourceTree = "<group>";
		};
		63179B62265EE49200596DB7 /* UI */ = {
			isa = PBXGroup;
			children = (
				63179B65265EE4EB00596DB7 /* Main */,
				63B9D6FE26661DCD00CE59EA /* Localization */,
			);
			path = UI;
			sourceTree = "<group>";
		};
		63179B63265EE49B00596DB7 /* Utils */ = {
			isa = PBXGroup;
			children = (
				63B9D6F726661B7800CE59EA /* Localization.swift */,
				63B9D70C2666258500CE59EA /* UIViewController+Utils.swift */,
				63B9D7122666C39E00CE59EA /* Converter.swift */,
				63B9D726266D19F400CE59EA /* DispatchAsync.swift */,
			);
			path = Utils;
			sourceTree = "<group>";
		};
		63179B65265EE4EB00596DB7 /* Main */ = {
			isa = PBXGroup;
			children = (
				63B9D71E266C09F600CE59EA /* Controller */,
				63B9D71F266C0A1400CE59EA /* Cell */,
			);
			path = Main;
			sourceTree = "<group>";
		};
		63B9D6FE26661DCD00CE59EA /* Localization */ = {
			isa = PBXGroup;
			children = (
				63B9D70526661E1400CE59EA /* Localizable.strings */,
			);
			path = Localization;
			sourceTree = "<group>";
		};
		63B9D70926661F1300CE59EA /* Networking */ = {
			isa = PBXGroup;
			children = (
				63B9D6ED2664EB4800CE59EA /* NetworkManager.swift */,
			);
			path = Networking;
			sourceTree = "<group>";
		};
		63B9D71E266C09F600CE59EA /* Controller */ = {
			isa = PBXGroup;
			children = (
				63179B4F265EE29A00596DB7 /* MainViewController.swift */,
			);
			path = Controller;
			sourceTree = "<group>";
		};
		63B9D71F266C0A1400CE59EA /* Cell */ = {
			isa = PBXGroup;
			children = (
				63B9D6E92664377700CE59EA /* MainTableViewCell.swift */,
				63B9D6E62664375B00CE59EA /* MainTableViewCell.xib */,
				63B9D7152666E45500CE59EA /* DailyTableViewCell.swift */,
				63B9D7162666E45500CE59EA /* DailyTableViewCell.xib */,
				63B9D720266C0AEA00CE59EA /* HourlyCollectionViewCell.swift */,
				63B9D721266C0AEA00CE59EA /* HourlyCollectionViewCell.xib */,
			);
			path = Cell;
			sourceTree = "<group>";
		};
/* End PBXGroup section */

/* Begin PBXNativeTarget section */
		63179B47265EE29A00596DB7 /* RESTestTasks */ = {
			isa = PBXNativeTarget;
			buildConfigurationList = 63179B5C265EE29B00596DB7 /* Build configuration list for PBXNativeTarget "RESTestTasks" */;
			buildPhases = (
				63179B44265EE29A00596DB7 /* Sources */,
				63179B45265EE29A00596DB7 /* Frameworks */,
				63179B46265EE29A00596DB7 /* Resources */,
			);
			buildRules = (
			);
			dependencies = (
			);
			name = RESTestTasks;
			productName = RESTestTasks;
			productReference = 63179B48265EE29A00596DB7 /* RESTestTasks.app */;
			productType = "com.apple.product-type.application";
		};
/* End PBXNativeTarget section */

/* Begin PBXProject section */
		63179B40265EE29A00596DB7 /* Project object */ = {
			isa = PBXProject;
			attributes = {
				LastSwiftUpdateCheck = 1240;
				LastUpgradeCheck = 1240;
				TargetAttributes = {
					63179B47265EE29A00596DB7 = {
						CreatedOnToolsVersion = 12.4;
					};
				};
			};
			buildConfigurationList = 63179B43265EE29A00596DB7 /* Build configuration list for PBXProject "RESTestTasks" */;
			compatibilityVersion = "Xcode 9.3";
			developmentRegion = en;
			hasScannedForEncodings = 0;
			knownRegions = (
				en,
				Base,
				ru,
			);
			mainGroup = 63179B3F265EE29A00596DB7;
			productRefGroup = 63179B49265EE29A00596DB7 /* Products */;
			projectDirPath = "";
			projectRoot = "";
			targets = (
				63179B47265EE29A00596DB7 /* RESTestTasks */,
			);
		};
/* End PBXProject section */

/* Begin PBXResourcesBuildPhase section */
		63179B46265EE29A00596DB7 /* Resources */ = {
			isa = PBXResourcesBuildPhase;
			buildActionMask = 2147483647;
			files = (
				63B9D70326661E1400CE59EA /* Localizable.strings in Resources */,
				63179B58265EE29B00596DB7 /* LaunchScreen.storyboard in Resources */,
				63179B55265EE29B00596DB7 /* Assets.xcassets in Resources */,
				63B9D6E72664375B00CE59EA /* MainTableViewCell.xib in Resources */,
				63B9D723266C0AEA00CE59EA /* HourlyCollectionViewCell.xib in Resources */,
				63179B53265EE29A00596DB7 /* Main.storyboard in Resources */,
				63B9D7182666E45500CE59EA /* DailyTableViewCell.xib in Resources */,
			);
			runOnlyForDeploymentPostprocessing = 0;
		};
/* End PBXResourcesBuildPhase section */

/* Begin PBXSourcesBuildPhase section */
		63179B44265EE29A00596DB7 /* Sources */ = {
			isa = PBXSourcesBuildPhase;
			buildActionMask = 2147483647;
			files = (
				63B9D70D2666258500CE59EA /* UIViewController+Utils.swift in Sources */,
				63B9D7172666E45500CE59EA /* DailyTableViewCell.swift in Sources */,
				63B9D722266C0AEA00CE59EA /* HourlyCollectionViewCell.swift in Sources */,
				63179B50265EE29A00596DB7 /* MainViewController.swift in Sources */,
				63B9D727266D19F400CE59EA /* DispatchAsync.swift in Sources */,
				63179B4C265EE29A00596DB7 /* AppDelegate.swift in Sources */,
				63B9D6EE2664EB4800CE59EA /* NetworkManager.swift in Sources */,
				63B9D7132666C39E00CE59EA /* Converter.swift in Sources */,
				63B9D6F826661B7800CE59EA /* Localization.swift in Sources */,
				63B9D6EA2664377700CE59EA /* MainTableViewCell.swift in Sources */,
				63B9D6F5266545CE00CE59EA /* WeatherInfo.swift in Sources */,
				63179B4E265EE29A00596DB7 /* SceneDelegate.swift in Sources */,
			);
			runOnlyForDeploymentPostprocessing = 0;
		};
/* End PBXSourcesBuildPhase section */

/* Begin PBXVariantGroup section */
		63179B51265EE29A00596DB7 /* Main.storyboard */ = {
			isa = PBXVariantGroup;
			children = (
				63179B52265EE29A00596DB7 /* Base */,
				63B9D6FB26661DA800CE59EA /* ru */,
			);
			name = Main.storyboard;
			sourceTree = "<group>";
		};
		63179B56265EE29B00596DB7 /* LaunchScreen.storyboard */ = {
			isa = PBXVariantGroup;
			children = (
				63179B57265EE29B00596DB7 /* Base */,
				63B9D6FC26661DA800CE59EA /* ru */,
			);
			name = LaunchScreen.storyboard;
			sourceTree = "<group>";
		};
		63B9D70526661E1400CE59EA /* Localizable.strings */ = {
			isa = PBXVariantGroup;
			children = (
				63B9D70426661E1400CE59EA /* en */,
				63B9D70726661E1600CE59EA /* ru */,
			);
			name = Localizable.strings;
			sourceTree = "<group>";
		};
/* End PBXVariantGroup section */

/* Begin XCBuildConfiguration section */
		63179B5A265EE29B00596DB7 /* Debug */ = {
			isa = XCBuildConfiguration;
			buildSettings = {
				ALWAYS_SEARCH_USER_PATHS = NO;
				CLANG_ANALYZER_LOCALIZABILITY_NONLOCALIZED = YES;
				CLANG_ANALYZER_NONNULL = YES;
				CLANG_ANALYZER_NUMBER_OBJECT_CONVERSION = YES_AGGRESSIVE;
				CLANG_CXX_LANGUAGE_STANDARD = "gnu++14";
				CLANG_CXX_LIBRARY = "libc++";
				CLANG_ENABLE_MODULES = YES;
				CLANG_ENABLE_OBJC_ARC = YES;
				CLANG_ENABLE_OBJC_WEAK = YES;
				CLANG_WARN_BLOCK_CAPTURE_AUTORELEASING = YES;
				CLANG_WARN_BOOL_CONVERSION = YES;
				CLANG_WARN_COMMA = YES;
				CLANG_WARN_CONSTANT_CONVERSION = YES;
				CLANG_WARN_DEPRECATED_OBJC_IMPLEMENTATIONS = YES;
				CLANG_WARN_DIRECT_OBJC_ISA_USAGE = YES_ERROR;
				CLANG_WARN_DOCUMENTATION_COMMENTS = YES;
				CLANG_WARN_EMPTY_BODY = YES;
				CLANG_WARN_ENUM_CONVERSION = YES;
				CLANG_WARN_INFINITE_RECURSION = YES;
				CLANG_WARN_INT_CONVERSION = YES;
				CLANG_WARN_NON_LITERAL_NULL_CONVERSION = YES;
				CLANG_WARN_OBJC_IMPLICIT_RETAIN_SELF = YES;
				CLANG_WARN_OBJC_LITERAL_CONVERSION = YES;
				CLANG_WARN_OBJC_ROOT_CLASS = YES_ERROR;
				CLANG_WARN_QUOTED_INCLUDE_IN_FRAMEWORK_HEADER = YES;
				CLANG_WARN_RANGE_LOOP_ANALYSIS = YES;
				CLANG_WARN_STRICT_PROTOTYPES = YES;
				CLANG_WARN_SUSPICIOUS_MOVE = YES;
				CLANG_WARN_UNGUARDED_AVAILABILITY = YES_AGGRESSIVE;
				CLANG_WARN_UNREACHABLE_CODE = YES;
				CLANG_WARN__DUPLICATE_METHOD_MATCH = YES;
				COPY_PHASE_STRIP = NO;
				DEBUG_INFORMATION_FORMAT = dwarf;
				ENABLE_STRICT_OBJC_MSGSEND = YES;
				ENABLE_TESTABILITY = YES;
				GCC_C_LANGUAGE_STANDARD = gnu11;
				GCC_DYNAMIC_NO_PIC = NO;
				GCC_NO_COMMON_BLOCKS = YES;
				GCC_OPTIMIZATION_LEVEL = 0;
				GCC_PREPROCESSOR_DEFINITIONS = (
					"DEBUG=1",
					"$(inherited)",
				);
				GCC_WARN_64_TO_32_BIT_CONVERSION = YES;
				GCC_WARN_ABOUT_RETURN_TYPE = YES_ERROR;
				GCC_WARN_UNDECLARED_SELECTOR = YES;
				GCC_WARN_UNINITIALIZED_AUTOS = YES_AGGRESSIVE;
				GCC_WARN_UNUSED_FUNCTION = YES;
				GCC_WARN_UNUSED_VARIABLE = YES;
				IPHONEOS_DEPLOYMENT_TARGET = 14.4;
				MTL_ENABLE_DEBUG_INFO = INCLUDE_SOURCE;
				MTL_FAST_MATH = YES;
				ONLY_ACTIVE_ARCH = YES;
				SDKROOT = iphoneos;
				SWIFT_ACTIVE_COMPILATION_CONDITIONS = DEBUG;
				SWIFT_OPTIMIZATION_LEVEL = "-Onone";
			};
			name = Debug;
		};
		63179B5B265EE29B00596DB7 /* Release */ = {
			isa = XCBuildConfiguration;
			buildSettings = {
				ALWAYS_SEARCH_USER_PATHS = NO;
				CLANG_ANALYZER_LOCALIZABILITY_NONLOCALIZED = YES;
				CLANG_ANALYZER_NONNULL = YES;
				CLANG_ANALYZER_NUMBER_OBJECT_CONVERSION = YES_AGGRESSIVE;
				CLANG_CXX_LANGUAGE_STANDARD = "gnu++14";
				CLANG_CXX_LIBRARY = "libc++";
				CLANG_ENABLE_MODULES = YES;
				CLANG_ENABLE_OBJC_ARC = YES;
				CLANG_ENABLE_OBJC_WEAK = YES;
				CLANG_WARN_BLOCK_CAPTURE_AUTORELEASING = YES;
				CLANG_WARN_BOOL_CONVERSION = YES;
				CLANG_WARN_COMMA = YES;
				CLANG_WARN_CONSTANT_CONVERSION = YES;
				CLANG_WARN_DEPRECATED_OBJC_IMPLEMENTATIONS = YES;
				CLANG_WARN_DIRECT_OBJC_ISA_USAGE = YES_ERROR;
				CLANG_WARN_DOCUMENTATION_COMMENTS = YES;
				CLANG_WARN_EMPTY_BODY = YES;
				CLANG_WARN_ENUM_CONVERSION = YES;
				CLANG_WARN_INFINITE_RECURSION = YES;
				CLANG_WARN_INT_CONVERSION = YES;
				CLANG_WARN_NON_LITERAL_NULL_CONVERSION = YES;
				CLANG_WARN_OBJC_IMPLICIT_RETAIN_SELF = YES;
				CLANG_WARN_OBJC_LITERAL_CONVERSION = YES;
				CLANG_WARN_OBJC_ROOT_CLASS = YES_ERROR;
				CLANG_WARN_QUOTED_INCLUDE_IN_FRAMEWORK_HEADER = YES;
				CLANG_WARN_RANGE_LOOP_ANALYSIS = YES;
				CLANG_WARN_STRICT_PROTOTYPES = YES;
				CLANG_WARN_SUSPICIOUS_MOVE = YES;
				CLANG_WARN_UNGUARDED_AVAILABILITY = YES_AGGRESSIVE;
				CLANG_WARN_UNREACHABLE_CODE = YES;
				CLANG_WARN__DUPLICATE_METHOD_MATCH = YES;
				COPY_PHASE_STRIP = NO;
				DEBUG_INFORMATION_FORMAT = "dwarf-with-dsym";
				ENABLE_NS_ASSERTIONS = NO;
				ENABLE_STRICT_OBJC_MSGSEND = YES;
				GCC_C_LANGUAGE_STANDARD = gnu11;
				GCC_NO_COMMON_BLOCKS = YES;
				GCC_WARN_64_TO_32_BIT_CONVERSION = YES;
				GCC_WARN_ABOUT_RETURN_TYPE = YES_ERROR;
				GCC_WARN_UNDECLARED_SELECTOR = YES;
				GCC_WARN_UNINITIALIZED_AUTOS = YES_AGGRESSIVE;
				GCC_WARN_UNUSED_FUNCTION = YES;
				GCC_WARN_UNUSED_VARIABLE = YES;
				IPHONEOS_DEPLOYMENT_TARGET = 14.4;
				MTL_ENABLE_DEBUG_INFO = NO;
				MTL_FAST_MATH = YES;
				SDKROOT = iphoneos;
				SWIFT_COMPILATION_MODE = wholemodule;
				SWIFT_OPTIMIZATION_LEVEL = "-O";
				VALIDATE_PRODUCT = YES;
			};
			name = Release;
		};
		63179B5D265EE29B00596DB7 /* Debug */ = {
			isa = XCBuildConfiguration;
			buildSettings = {
				ASSETCATALOG_COMPILER_APPICON_NAME = AppIcon;
				ASSETCATALOG_COMPILER_GLOBAL_ACCENT_COLOR_NAME = AccentColor;
				CODE_SIGN_STYLE = Automatic;
				DEVELOPMENT_TEAM = T8X5P82BMG;
				INFOPLIST_FILE = RESTestTasks/Info.plist;
				LD_RUNPATH_SEARCH_PATHS = (
					"$(inherited)",
					"@executable_path/Frameworks",
				);
				PRODUCT_BUNDLE_IDENTIFIER = by.marVkus.RESTestTasks;
				PRODUCT_NAME = "$(TARGET_NAME)";
				SWIFT_VERSION = 5.0;
				TARGETED_DEVICE_FAMILY = 1;
			};
			name = Debug;
		};
		63179B5E265EE29B00596DB7 /* Release */ = {
			isa = XCBuildConfiguration;
			buildSettings = {
				ASSETCATALOG_COMPILER_APPICON_NAME = AppIcon;
				ASSETCATALOG_COMPILER_GLOBAL_ACCENT_COLOR_NAME = AccentColor;
				CODE_SIGN_STYLE = Automatic;
				DEVELOPMENT_TEAM = T8X5P82BMG;
				INFOPLIST_FILE = RESTestTasks/Info.plist;
				LD_RUNPATH_SEARCH_PATHS = (
					"$(inherited)",
					"@executable_path/Frameworks",
				);
				PRODUCT_BUNDLE_IDENTIFIER = by.marVkus.RESTestTasks;
				PRODUCT_NAME = "$(TARGET_NAME)";
				SWIFT_VERSION = 5.0;
				TARGETED_DEVICE_FAMILY = 1;
			};
			name = Release;
		};
/* End XCBuildConfiguration section */

/* Begin XCConfigurationList section */
		63179B43265EE29A00596DB7 /* Build configuration list for PBXProject "RESTestTasks" */ = {
			isa = XCConfigurationList;
			buildConfigurations = (
				63179B5A265EE29B00596DB7 /* Debug */,
				63179B5B265EE29B00596DB7 /* Release */,
			);
			defaultConfigurationIsVisible = 0;
			defaultConfigurationName = Release;
		};
		63179B5C265EE29B00596DB7 /* Build configuration list for PBXNativeTarget "RESTestTasks" */ = {
			isa = XCConfigurationList;
			buildConfigurations = (
				63179B5D265EE29B00596DB7 /* Debug */,
				63179B5E265EE29B00596DB7 /* Release */,
			);
			defaultConfigurationIsVisible = 0;
			defaultConfigurationName = Release;
		};
/* End XCConfigurationList section */
	};
	rootObject = 63179B40265EE29A00596DB7 /* Project object */;
}
